dependencies:
- name: mkbank-common
  repository: file://../../mkbank-common
  version: 0.1.0
- name: configserver
  repository: file://../../mkbank-services/configserver
  version: 0.1.0
- name: eurekaserver
  repository: file://../../mkbank-services/eurekaserver
  version: 0.1.0
- name: accounts
  repository: file://../../mkbank-services/accounts
  version: 0.1.0
- name: cards
  repository: file://../../mkbank-services/cards
  version: 0.1.0
- name: loans
  repository: file://../../mkbank-services/loans
  version: 0.1.0
- name: gatewayserver
  repository: file://../../mkbank-services/gatewayserver
  version: 0.1.0
- name: message
  repository: file://../../mkbank-services/message
  version: 0.1.0
digest: sha256:a32e2bb42a4aad6d337733352d70db6eb3fd7eb73609e0ae207626fdb5204d90
generated: "2024-02-26T13:09:25.48473+05:30"
